// !$*UTF8*$!
{
	archiveVersion = 1;
	classes = {
	};
	objectVersion = 50;
	objects = {

/* Begin PBXBuildFile section */
		8A77BEFC23F7E0EA00F8538B /* AppDelegate.swift in Sources */ = {isa = PBXBuildFile; fileRef = 8A77BEFB23F7E0EA00F8538B /* AppDelegate.swift */; };
		8A77BEFE23F7E0EA00F8538B /* SceneDelegate.swift in Sources */ = {isa = PBXBuildFile; fileRef = 8A77BEFD23F7E0EA00F8538B /* SceneDelegate.swift */; };
		8A77BF0023F7E0EA00F8538B /* ContentView.swift in Sources */ = {isa = PBXBuildFile; fileRef = 8A77BEFF23F7E0EA00F8538B /* ContentView.swift */; };
		8A77BF0223F7E0EB00F8538B /* Assets.xcassets in Resources */ = {isa = PBXBuildFile; fileRef = 8A77BF0123F7E0EB00F8538B /* Assets.xcassets */; };
		8A77BF0523F7E0EB00F8538B /* Preview Assets.xcassets in Resources */ = {isa = PBXBuildFile; fileRef = 8A77BF0423F7E0EB00F8538B /* Preview Assets.xcassets */; };
		8A77BF0823F7E0EB00F8538B /* LaunchScreen.storyboard in Resources */ = {isa = PBXBuildFile; fileRef = 8A77BF0623F7E0EB00F8538B /* LaunchScreen.storyboard */; };
		8A77BF0E23F7E12500F8538B /* TweetCellPreview.swift in Sources */ = {isa = PBXBuildFile; fileRef = 8A77BF0D23F7E12500F8538B /* TweetCellPreview.swift */; };
		8A77BF0F23F7E12900F8538B /* TweetCell.swift in Sources */ = {isa = PBXBuildFile; fileRef = 8AD9C6FE23F7C19100CF60EB /* TweetCell.swift */; };
		8A77BF1023F7E12900F8538B /* Tweet.swift in Sources */ = {isa = PBXBuildFile; fileRef = 8AD9C6FC23F7BF8B00CF60EB /* Tweet.swift */; };
		8A77BF1223F8180E00F8538B /* PreviewContainer.swift in Sources */ = {isa = PBXBuildFile; fileRef = 8A77BF1123F8180E00F8538B /* PreviewContainer.swift */; };
		8A77BF1A23F85B5B00F8538B /* Assets.xcassets in Resources */ = {isa = PBXBuildFile; fileRef = 8AD9C6F123F7BC6900CF60EB /* Assets.xcassets */; };
		8AD9C6E923F7BC6700CF60EB /* AppDelegate.swift in Sources */ = {isa = PBXBuildFile; fileRef = 8AD9C6E823F7BC6700CF60EB /* AppDelegate.swift */; };
		8AD9C6ED23F7BC6700CF60EB /* ViewController.swift in Sources */ = {isa = PBXBuildFile; fileRef = 8AD9C6EC23F7BC6700CF60EB /* ViewController.swift */; };
		8AD9C6F223F7BC6900CF60EB /* Assets.xcassets in Resources */ = {isa = PBXBuildFile; fileRef = 8AD9C6F123F7BC6900CF60EB /* Assets.xcassets */; };
		8AD9C6F523F7BC6900CF60EB /* LaunchScreen.storyboard in Resources */ = {isa = PBXBuildFile; fileRef = 8AD9C6F323F7BC6900CF60EB /* LaunchScreen.storyboard */; };
		8AD9C6FD23F7BF8B00CF60EB /* Tweet.swift in Sources */ = {isa = PBXBuildFile; fileRef = 8AD9C6FC23F7BF8B00CF60EB /* Tweet.swift */; };
		8AD9C6FF23F7C19100CF60EB /* TweetCell.swift in Sources */ = {isa = PBXBuildFile; fileRef = 8AD9C6FE23F7C19100CF60EB /* TweetCell.swift */; };
		8AD9C70123F7C3C000CF60EB /* Default-568h@2x.png in Resources */ = {isa = PBXBuildFile; fileRef = 8AD9C70023F7C3C000CF60EB /* Default-568h@2x.png */; };
/* End PBXBuildFile section */

/* Begin PBXFileReference section */
		8A77BEF923F7E0EA00F8538B /* DemoPreview.app */ = {isa = PBXFileReference; explicitFileType = wrapper.application; includeInIndex = 0; path = DemoPreview.app; sourceTree = BUILT_PRODUCTS_DIR; };
		8A77BEFB23F7E0EA00F8538B /* AppDelegate.swift */ = {isa = PBXFileReference; lastKnownFileType = sourcecode.swift; path = AppDelegate.swift; sourceTree = "<group>"; };
		8A77BEFD23F7E0EA00F8538B /* SceneDelegate.swift */ = {isa = PBXFileReference; lastKnownFileType = sourcecode.swift; path = SceneDelegate.swift; sourceTree = "<group>"; };
		8A77BEFF23F7E0EA00F8538B /* ContentView.swift */ = {isa = PBXFileReference; lastKnownFileType = sourcecode.swift; path = ContentView.swift; sourceTree = "<group>"; };
		8A77BF0123F7E0EB00F8538B /* Assets.xcassets */ = {isa = PBXFileReference; lastKnownFileType = folder.assetcatalog; path = Assets.xcassets; sourceTree = "<group>"; };
		8A77BF0423F7E0EB00F8538B /* Preview Assets.xcassets */ = {isa = PBXFileReference; lastKnownFileType = folder.assetcatalog; path = "Preview Assets.xcassets"; sourceTree = "<group>"; };
		8A77BF0723F7E0EB00F8538B /* Base */ = {isa = PBXFileReference; lastKnownFileType = file.storyboard; name = Base; path = Base.lproj/LaunchScreen.storyboard; sourceTree = "<group>"; };
		8A77BF0923F7E0EB00F8538B /* Info.plist */ = {isa = PBXFileReference; lastKnownFileType = text.plist.xml; path = Info.plist; sourceTree = "<group>"; };
		8A77BF0D23F7E12500F8538B /* TweetCellPreview.swift */ = {isa = PBXFileReference; fileEncoding = 4; lastKnownFileType = sourcecode.swift; path = TweetCellPreview.swift; sourceTree = "<group>"; };
		8A77BF1123F8180E00F8538B /* PreviewContainer.swift */ = {isa = PBXFileReference; lastKnownFileType = sourcecode.swift; path = PreviewContainer.swift; sourceTree = "<group>"; };
		8AD9C6E523F7BC6700CF60EB /* Demo.app */ = {isa = PBXFileReference; explicitFileType = wrapper.application; includeInIndex = 0; path = Demo.app; sourceTree = BUILT_PRODUCTS_DIR; };
		8AD9C6E823F7BC6700CF60EB /* AppDelegate.swift */ = {isa = PBXFileReference; lastKnownFileType = sourcecode.swift; path = AppDelegate.swift; sourceTree = "<group>"; };
		8AD9C6EC23F7BC6700CF60EB /* ViewController.swift */ = {isa = PBXFileReference; lastKnownFileType = sourcecode.swift; path = ViewController.swift; sourceTree = "<group>"; };
		8AD9C6F123F7BC6900CF60EB /* Assets.xcassets */ = {isa = PBXFileReference; lastKnownFileType = folder.assetcatalog; path = Assets.xcassets; sourceTree = "<group>"; };
		8AD9C6F423F7BC6900CF60EB /* Base */ = {isa = PBXFileReference; lastKnownFileType = file.storyboard; name = Base; path = Base.lproj/LaunchScreen.storyboard; sourceTree = "<group>"; };
		8AD9C6F623F7BC6900CF60EB /* Info.plist */ = {isa = PBXFileReference; lastKnownFileType = text.plist.xml; path = Info.plist; sourceTree = "<group>"; };
		8AD9C6FC23F7BF8B00CF60EB /* Tweet.swift */ = {isa = PBXFileReference; lastKnownFileType = sourcecode.swift; path = Tweet.swift; sourceTree = "<group>"; };
		8AD9C6FE23F7C19100CF60EB /* TweetCell.swift */ = {isa = PBXFileReference; lastKnownFileType = sourcecode.swift; path = TweetCell.swift; sourceTree = "<group>"; };
		8AD9C70023F7C3C000CF60EB /* Default-568h@2x.png */ = {isa = PBXFileReference; lastKnownFileType = image.png; path = "Default-568h@2x.png"; sourceTree = "<group>"; };
/* End PBXFileReference section */

/* Begin PBXFrameworksBuildPhase section */
		8A77BEF623F7E0EA00F8538B /* Frameworks */ = {
			isa = PBXFrameworksBuildPhase;
			buildActionMask = 2147483647;
			files = (
			);
			runOnlyForDeploymentPostprocessing = 0;
		};
		8AD9C6E223F7BC6700CF60EB /* Frameworks */ = {
			isa = PBXFrameworksBuildPhase;
			buildActionMask = 2147483647;
			files = (
			);
			runOnlyForDeploymentPostprocessing = 0;
		};
/* End PBXFrameworksBuildPhase section */

/* Begin PBXGroup section */
		8A06DBCF23F7DB1B003E4C44 /* Resources */ = {
			isa = PBXGroup;
			children = (
				8AD9C70023F7C3C000CF60EB /* Default-568h@2x.png */,
			);
			path = Resources;
			sourceTree = "<group>";
		};
		8A77BEFA23F7E0EA00F8538B /* DemoPreview */ = {
			isa = PBXGroup;
			children = (
				8A77BEFB23F7E0EA00F8538B /* AppDelegate.swift */,
				8A77BEFD23F7E0EA00F8538B /* SceneDelegate.swift */,
				8A77BEFF23F7E0EA00F8538B /* ContentView.swift */,
				8A77BF0123F7E0EB00F8538B /* Assets.xcassets */,
				8A77BF0623F7E0EB00F8538B /* LaunchScreen.storyboard */,
				8A77BF0923F7E0EB00F8538B /* Info.plist */,
				8A77BF0323F7E0EB00F8538B /* Preview Content */,
			);
			path = DemoPreview;
			sourceTree = "<group>";
		};
		8A77BF0323F7E0EB00F8538B /* Preview Content */ = {
			isa = PBXGroup;
			children = (
				8A77BF0D23F7E12500F8538B /* TweetCellPreview.swift */,
				8A77BF1123F8180E00F8538B /* PreviewContainer.swift */,
				8A77BF0423F7E0EB00F8538B /* Preview Assets.xcassets */,
			);
			path = "Preview Content";
			sourceTree = "<group>";
		};
		8AD9C6DC23F7BC6700CF60EB = {
			isa = PBXGroup;
			children = (
				8AD9C6E723F7BC6700CF60EB /* Demo */,
				8A77BEFA23F7E0EA00F8538B /* DemoPreview */,
				8AD9C6E623F7BC6700CF60EB /* Products */,
			);
			sourceTree = "<group>";
		};
		8AD9C6E623F7BC6700CF60EB /* Products */ = {
			isa = PBXGroup;
			children = (
				8AD9C6E523F7BC6700CF60EB /* Demo.app */,
				8A77BEF923F7E0EA00F8538B /* DemoPreview.app */,
			);
			name = Products;
			sourceTree = "<group>";
		};
		8AD9C6E723F7BC6700CF60EB /* Demo */ = {
			isa = PBXGroup;
			children = (
				8A06DBCF23F7DB1B003E4C44 /* Resources */,
				8AD9C6E823F7BC6700CF60EB /* AppDelegate.swift */,
				8AD9C6EC23F7BC6700CF60EB /* ViewController.swift */,
				8AD9C6FE23F7C19100CF60EB /* TweetCell.swift */,
				8AD9C6FC23F7BF8B00CF60EB /* Tweet.swift */,
				8AD9C6F123F7BC6900CF60EB /* Assets.xcassets */,
				8AD9C6F323F7BC6900CF60EB /* LaunchScreen.storyboard */,
				8AD9C6F623F7BC6900CF60EB /* Info.plist */,
			);
			path = Demo;
			sourceTree = "<group>";
		};
/* End PBXGroup section */

/* Begin PBXNativeTarget section */
		8A77BEF823F7E0EA00F8538B /* DemoPreview */ = {
			isa = PBXNativeTarget;
			buildConfigurationList = 8A77BF0A23F7E0EB00F8538B /* Build configuration list for PBXNativeTarget "DemoPreview" */;
			buildPhases = (
				8A77BEF523F7E0EA00F8538B /* Sources */,
				8A77BEF623F7E0EA00F8538B /* Frameworks */,
				8A77BEF723F7E0EA00F8538B /* Resources */,
			);
			buildRules = (
			);
			dependencies = (
			);
			name = DemoPreview;
			productName = DemoPreview;
			productReference = 8A77BEF923F7E0EA00F8538B /* DemoPreview.app */;
			productType = "com.apple.product-type.application";
		};
		8AD9C6E423F7BC6700CF60EB /* Demo */ = {
			isa = PBXNativeTarget;
			buildConfigurationList = 8AD9C6F923F7BC6900CF60EB /* Build configuration list for PBXNativeTarget "Demo" */;
			buildPhases = (
				8AD9C6E123F7BC6700CF60EB /* Sources */,
				8AD9C6E223F7BC6700CF60EB /* Frameworks */,
				8AD9C6E323F7BC6700CF60EB /* Resources */,
			);
			buildRules = (
			);
			dependencies = (
			);
			name = Demo;
			productName = XCodePreviewSample;
			productReference = 8AD9C6E523F7BC6700CF60EB /* Demo.app */;
			productType = "com.apple.product-type.application";
		};
/* End PBXNativeTarget section */

/* Begin PBXProject section */
		8AD9C6DD23F7BC6700CF60EB /* Project object */ = {
			isa = PBXProject;
			attributes = {
				LastSwiftUpdateCheck = 1130;
				LastUpgradeCheck = 1130;
				ORGANIZATIONNAME = kenmaz;
				TargetAttributes = {
					8A77BEF823F7E0EA00F8538B = {
						CreatedOnToolsVersion = 11.3.1;
					};
					8AD9C6E423F7BC6700CF60EB = {
						CreatedOnToolsVersion = 11.3.1;
					};
				};
			};
			buildConfigurationList = 8AD9C6E023F7BC6700CF60EB /* Build configuration list for PBXProject "Demo" */;
			compatibilityVersion = "Xcode 9.3";
			developmentRegion = en;
			hasScannedForEncodings = 0;
			knownRegions = (
				en,
				Base,
			);
			mainGroup = 8AD9C6DC23F7BC6700CF60EB;
			productRefGroup = 8AD9C6E623F7BC6700CF60EB /* Products */;
			projectDirPath = "";
			projectRoot = "";
			targets = (
				8AD9C6E423F7BC6700CF60EB /* Demo */,
				8A77BEF823F7E0EA00F8538B /* DemoPreview */,
			);
		};
/* End PBXProject section */

/* Begin PBXResourcesBuildPhase section */
		8A77BEF723F7E0EA00F8538B /* Resources */ = {
			isa = PBXResourcesBuildPhase;
			buildActionMask = 2147483647;
			files = (
				8A77BF0823F7E0EB00F8538B /* LaunchScreen.storyboard in Resources */,
				8A77BF0523F7E0EB00F8538B /* Preview Assets.xcassets in Resources */,
				8A77BF1A23F85B5B00F8538B /* Assets.xcassets in Resources */,
				8A77BF0223F7E0EB00F8538B /* Assets.xcassets in Resources */,
			);
			runOnlyForDeploymentPostprocessing = 0;
		};
		8AD9C6E323F7BC6700CF60EB /* Resources */ = {
			isa = PBXResourcesBuildPhase;
			buildActionMask = 2147483647;
			files = (
				8AD9C6F523F7BC6900CF60EB /* LaunchScreen.storyboard in Resources */,
				8AD9C6F223F7BC6900CF60EB /* Assets.xcassets in Resources */,
				8AD9C70123F7C3C000CF60EB /* Default-568h@2x.png in Resources */,
			);
			runOnlyForDeploymentPostprocessing = 0;
		};
/* End PBXResourcesBuildPhase section */

/* Begin PBXSourcesBuildPhase section */
		8A77BEF523F7E0EA00F8538B /* Sources */ = {
			isa = PBXSourcesBuildPhase;
			buildActionMask = 2147483647;
			files = (
				8A77BF0E23F7E12500F8538B /* TweetCellPreview.swift in Sources */,
				8A77BEFC23F7E0EA00F8538B /* AppDelegate.swift in Sources */,
				8A77BF0F23F7E12900F8538B /* TweetCell.swift in Sources */,
				8A77BF1023F7E12900F8538B /* Tweet.swift in Sources */,
				8A77BEFE23F7E0EA00F8538B /* SceneDelegate.swift in Sources */,
				8A77BF1223F8180E00F8538B /* PreviewContainer.swift in Sources */,
				8A77BF0023F7E0EA00F8538B /* ContentView.swift in Sources */,
			);
			runOnlyForDeploymentPostprocessing = 0;
		};
		8AD9C6E123F7BC6700CF60EB /* Sources */ = {
			isa = PBXSourcesBuildPhase;
			buildActionMask = 2147483647;
			files = (
				8AD9C6ED23F7BC6700CF60EB /* ViewController.swift in Sources */,
				8AD9C6E923F7BC6700CF60EB /* AppDelegate.swift in Sources */,
				8AD9C6FF23F7C19100CF60EB /* TweetCell.swift in Sources */,
				8AD9C6FD23F7BF8B00CF60EB /* Tweet.swift in Sources */,
			);
			runOnlyForDeploymentPostprocessing = 0;
		};
/* End PBXSourcesBuildPhase section */

/* Begin PBXVariantGroup section */
		8A77BF0623F7E0EB00F8538B /* LaunchScreen.storyboard */ = {
			isa = PBXVariantGroup;
			children = (
				8A77BF0723F7E0EB00F8538B /* Base */,
			);
			name = LaunchScreen.storyboard;
			sourceTree = "<group>";
		};
		8AD9C6F323F7BC6900CF60EB /* LaunchScreen.storyboard */ = {
			isa = PBXVariantGroup;
			children = (
				8AD9C6F423F7BC6900CF60EB /* Base */,
			);
			name = LaunchScreen.storyboard;
			sourceTree = "<group>";
		};
/* End PBXVariantGroup section */

/* Begin XCBuildConfiguration section */
		8A77BF0B23F7E0EB00F8538B /* Debug */ = {
			isa = XCBuildConfiguration;
			buildSettings = {
				ASSETCATALOG_COMPILER_APPICON_NAME = AppIcon;
				CODE_SIGN_STYLE = Automatic;
				DEVELOPMENT_ASSET_PATHS = "\"DemoPreview/Preview Content\"";
				DEVELOPMENT_TEAM = D9UCJ653YY;
				ENABLE_PREVIEWS = YES;
				INFOPLIST_FILE = DemoPreview/Info.plist;
				IPHONEOS_DEPLOYMENT_TARGET = 13.2;
				LD_RUNPATH_SEARCH_PATHS = (
					"$(inherited)",
					"@executable_path/Frameworks",
				);
				PRODUCT_BUNDLE_IDENTIFIER = net.kenmaz.DemoPreview;
				PRODUCT_NAME = "$(TARGET_NAME)";
				SWIFT_VERSION = 5.0;
				TARGETED_DEVICE_FAMILY = "1,2";
			};
			name = Debug;
		};
		8A77BF0C23F7E0EB00F8538B /* Release */ = {
			isa = XCBuildConfiguration;
			buildSettings = {
				ASSETCATALOG_COMPILER_APPICON_NAME = AppIcon;
				CODE_SIGN_STYLE = Automatic;
				DEVELOPMENT_ASSET_PATHS = "\"DemoPreview/Preview Content\"";
				DEVELOPMENT_TEAM = D9UCJ653YY;
				ENABLE_PREVIEWS = YES;
				INFOPLIST_FILE = DemoPreview/Info.plist;
				IPHONEOS_DEPLOYMENT_TARGET = 13.2;
				LD_RUNPATH_SEARCH_PATHS = (
					"$(inherited)",
					"@executable_path/Frameworks",
				);
				PRODUCT_BUNDLE_IDENTIFIER = net.kenmaz.DemoPreview;
				PRODUCT_NAME = "$(TARGET_NAME)";
				SWIFT_VERSION = 5.0;
				TARGETED_DEVICE_FAMILY = "1,2";
			};
			name = Release;
		};
		8AD9C6F723F7BC6900CF60EB /* Debug */ = {
			isa = XCBuildConfiguration;
			buildSettings = {
				ALWAYS_SEARCH_USER_PATHS = NO;
				CLANG_ANALYZER_NONNULL = YES;
				CLANG_ANALYZER_NUMBER_OBJECT_CONVERSION = YES_AGGRESSIVE;
				CLANG_CXX_LANGUAGE_STANDARD = "gnu++14";
				CLANG_CXX_LIBRARY = "libc++";
				CLANG_ENABLE_MODULES = YES;
				CLANG_ENABLE_OBJC_ARC = YES;
				CLANG_ENABLE_OBJC_WEAK = YES;
				CLANG_WARN_BLOCK_CAPTURE_AUTORELEASING = YES;
				CLANG_WARN_BOOL_CONVERSION = YES;
				CLANG_WARN_COMMA = YES;
				CLANG_WARN_CONSTANT_CONVERSION = YES;
				CLANG_WARN_DEPRECATED_OBJC_IMPLEMENTATIONS = YES;
				CLANG_WARN_DIRECT_OBJC_ISA_USAGE = YES_ERROR;
				CLANG_WARN_DOCUMENTATION_COMMENTS = YES;
				CLANG_WARN_EMPTY_BODY = YES;
				CLANG_WARN_ENUM_CONVERSION = YES;
				CLANG_WARN_INFINITE_RECURSION = YES;
				CLANG_WARN_INT_CONVERSION = YES;
				CLANG_WARN_NON_LITERAL_NULL_CONVERSION = YES;
				CLANG_WARN_OBJC_IMPLICIT_RETAIN_SELF = YES;
				CLANG_WARN_OBJC_LITERAL_CONVERSION = YES;
				CLANG_WARN_OBJC_ROOT_CLASS = YES_ERROR;
				CLANG_WARN_RANGE_LOOP_ANALYSIS = YES;
				CLANG_WARN_STRICT_PROTOTYPES = YES;
				CLANG_WARN_SUSPICIOUS_MOVE = YES;
				CLANG_WARN_UNGUARDED_AVAILABILITY = YES_AGGRESSIVE;
				CLANG_WARN_UNREACHABLE_CODE = YES;
				CLANG_WARN__DUPLICATE_METHOD_MATCH = YES;
				COPY_PHASE_STRIP = NO;
				DEBUG_INFORMATION_FORMAT = dwarf;
				ENABLE_STRICT_OBJC_MSGSEND = YES;
				ENABLE_TESTABILITY = YES;
				GCC_C_LANGUAGE_STANDARD = gnu11;
				GCC_DYNAMIC_NO_PIC = NO;
				GCC_NO_COMMON_BLOCKS = YES;
				GCC_OPTIMIZATION_LEVEL = 0;
				GCC_PREPROCESSOR_DEFINITIONS = (
					"DEBUG=1",
					"$(inherited)",
				);
				GCC_WARN_64_TO_32_BIT_CONVERSION = YES;
				GCC_WARN_ABOUT_RETURN_TYPE = YES_ERROR;
				GCC_WARN_UNDECLARED_SELECTOR = YES;
				GCC_WARN_UNINITIALIZED_AUTOS = YES_AGGRESSIVE;
				GCC_WARN_UNUSED_FUNCTION = YES;
				GCC_WARN_UNUSED_VARIABLE = YES;
				IPHONEOS_DEPLOYMENT_TARGET = 12.4;
				MTL_ENABLE_DEBUG_INFO = INCLUDE_SOURCE;
				MTL_FAST_MATH = YES;
				ONLY_ACTIVE_ARCH = YES;
				SDKROOT = iphoneos;
				SWIFT_ACTIVE_COMPILATION_CONDITIONS = DEBUG;
				SWIFT_OPTIMIZATION_LEVEL = "-Onone";
			};
			name = Debug;
		};
		8AD9C6F823F7BC6900CF60EB /* Release */ = {
			isa = XCBuildConfiguration;
			buildSettings = {
				ALWAYS_SEARCH_USER_PATHS = NO;
				CLANG_ANALYZER_NONNULL = YES;
				CLANG_ANALYZER_NUMBER_OBJECT_CONVERSION = YES_AGGRESSIVE;
				CLANG_CXX_LANGUAGE_STANDARD = "gnu++14";
				CLANG_CXX_LIBRARY = "libc++";
				CLANG_ENABLE_MODULES = YES;
				CLANG_ENABLE_OBJC_ARC = YES;
				CLANG_ENABLE_OBJC_WEAK = YES;
				CLANG_WARN_BLOCK_CAPTURE_AUTORELEASING = YES;
				CLANG_WARN_BOOL_CONVERSION = YES;
				CLANG_WARN_COMMA = YES;
				CLANG_WARN_CONSTANT_CONVERSION = YES;
				CLANG_WARN_DEPRECATED_OBJC_IMPLEMENTATIONS = YES;
				CLANG_WARN_DIRECT_OBJC_ISA_USAGE = YES_ERROR;
				CLANG_WARN_DOCUMENTATION_COMMENTS = YES;
				CLANG_WARN_EMPTY_BODY = YES;
				CLANG_WARN_ENUM_CONVERSION = YES;
				CLANG_WARN_INFINITE_RECURSION = YES;
				CLANG_WARN_INT_CONVERSION = YES;
				CLANG_WARN_NON_LITERAL_NULL_CONVERSION = YES;
				CLANG_WARN_OBJC_IMPLICIT_RETAIN_SELF = YES;
				CLANG_WARN_OBJC_LITERAL_CONVERSION = YES;
				CLANG_WARN_OBJC_ROOT_CLASS = YES_ERROR;
				CLANG_WARN_RANGE_LOOP_ANALYSIS = YES;
				CLANG_WARN_STRICT_PROTOTYPES = YES;
				CLANG_WARN_SUSPICIOUS_MOVE = YES;
				CLANG_WARN_UNGUARDED_AVAILABILITY = YES_AGGRESSIVE;
				CLANG_WARN_UNREACHABLE_CODE = YES;
				CLANG_WARN__DUPLICATE_METHOD_MATCH = YES;
				COPY_PHASE_STRIP = NO;
				DEBUG_INFORMATION_FORMAT = "dwarf-with-dsym";
				ENABLE_NS_ASSERTIONS = NO;
				ENABLE_STRICT_OBJC_MSGSEND = YES;
				GCC_C_LANGUAGE_STANDARD = gnu11;
				GCC_NO_COMMON_BLOCKS = YES;
				GCC_WARN_64_TO_32_BIT_CONVERSION = YES;
				GCC_WARN_ABOUT_RETURN_TYPE = YES_ERROR;
				GCC_WARN_UNDECLARED_SELECTOR = YES;
				GCC_WARN_UNINITIALIZED_AUTOS = YES_AGGRESSIVE;
				GCC_WARN_UNUSED_FUNCTION = YES;
				GCC_WARN_UNUSED_VARIABLE = YES;
				IPHONEOS_DEPLOYMENT_TARGET = 12.4;
				MTL_ENABLE_DEBUG_INFO = NO;
				MTL_FAST_MATH = YES;
				SDKROOT = iphoneos;
				SWIFT_COMPILATION_MODE = wholemodule;
				SWIFT_OPTIMIZATION_LEVEL = "-O";
				VALIDATE_PRODUCT = YES;
			};
			name = Release;
		};
		8AD9C6FA23F7BC6900CF60EB /* Debug */ = {
			isa = XCBuildConfiguration;
			buildSettings = {
				ASSETCATALOG_COMPILER_APPICON_NAME = AppIcon;
				CODE_SIGN_STYLE = Automatic;
				DEVELOPMENT_TEAM = D9UCJ653YY;
				INFOPLIST_FILE = Demo/Info.plist;
				LD_RUNPATH_SEARCH_PATHS = (
					"$(inherited)",
					"@executable_path/Frameworks",
				);
				PRODUCT_BUNDLE_IDENTIFIER = net.kenmaz.Demo;
				PRODUCT_NAME = "$(TARGET_NAME)";
				SWIFT_VERSION = 5.0;
				TARGETED_DEVICE_FAMILY = 1;
			};
			name = Debug;
		};
		8AD9C6FB23F7BC6900CF60EB /* Release */ = {
			isa = XCBuildConfiguration;
			buildSettings = {
				ASSETCATALOG_COMPILER_APPICON_NAME = AppIcon;
				CODE_SIGN_STYLE = Automatic;
				DEVELOPMENT_TEAM = D9UCJ653YY;
				INFOPLIST_FILE = Demo/Info.plist;
				LD_RUNPATH_SEARCH_PATHS = (
					"$(inherited)",
					"@executable_path/Frameworks",
				);
				PRODUCT_BUNDLE_IDENTIFIER = net.kenmaz.Demo;
				PRODUCT_NAME = "$(TARGET_NAME)";
				SWIFT_VERSION = 5.0;
				TARGETED_DEVICE_FAMILY = 1;
			};
			name = Release;
		};
/* End XCBuildConfiguration section */

/* Begin XCConfigurationList section */
		8A77BF0A23F7E0EB00F8538B /* Build configuration list for PBXNativeTarget "DemoPreview" */ = {
			isa = XCConfigurationList;
			buildConfigurations = (
				8A77BF0B23F7E0EB00F8538B /* Debug */,
				8A77BF0C23F7E0EB00F8538B /* Release */,
			);
			defaultConfigurationIsVisible = 0;
			defaultConfigurationName = Release;
		};
		8AD9C6E023F7BC6700CF60EB /* Build configuration list for PBXProject "Demo" */ = {
			isa = XCConfigurationList;
			buildConfigurations = (
				8AD9C6F723F7BC6900CF60EB /* Debug */,
				8AD9C6F823F7BC6900CF60EB /* Release */,
			);
			defaultConfigurationIsVisible = 0;
			defaultConfigurationName = Release;
		};
		8AD9C6F923F7BC6900CF60EB /* Build configuration list for PBXNativeTarget "Demo" */ = {
			isa = XCConfigurationList;
			buildConfigurations = (
				8AD9C6FA23F7BC6900CF60EB /* Debug */,
				8AD9C6FB23F7BC6900CF60EB /* Release */,
			);
			defaultConfigurationIsVisible = 0;
			defaultConfigurationName = Release;
		};
/* End XCConfigurationList section */
	};
	rootObject = 8AD9C6DD23F7BC6700CF60EB /* Project object */;
}
